
Microsoft Visual Studio Solution File, Format Version 12.00
# Visual Studio Version 17
VisualStudioVersion = 17.4.33205.214
MinimumVisualStudioVersion = 10.0.40219.1
Project("{9A19103F-16F7-4668-BE54-9A1E7A4F7556}") = "MobeezMartWeb", "MobeezMartWeb\MobeezMartWeb.csproj", "{FB85B05D-146C-4E12-8BB8-830FA11563E7}"
EndProject
Project("{FAE04EC0-301F-11D3-BF4B-00C04F79EFBC}") = "MobeezMart.DataAccess", "MobeezMart.DataAccess\MobeezMart.DataAccess.csproj", "{10167D9E-028E-4AF9-A6AA-D195ED4BC029}"
EndProject
Project("{FAE04EC0-301F-11D3-BF4B-00C04F79EFBC}") = "MobeezMart.Models", "MobeezMart.Models\MobeezMart.Models.csproj", "{FF225124-D121-45B1-B659-22F384480A93}"
EndProject
Project("{FAE04EC0-301F-11D3-BF4B-00C04F79EFBC}") = "MobeezMart.Utility", "MobeezMart.Utility\MobeezMart.Utility.csproj", "{C29D87FB-3AD5-4C68-AA94-C2214CADE661}"
EndProject
Global
	GlobalSection(SolutionConfigurationPlatforms) = preSolution
		Debug|Any CPU = Debug|Any CPU
		Release|Any CPU = Release|Any CPU
	EndGlobalSection
	GlobalSection(ProjectConfigurationPlatforms) = postSolution
		{FB85B05D-146C-4E12-8BB8-830FA11563E7}.Debug|Any CPU.ActiveCfg = Debug|Any CPU
		{FB85B05D-146C-4E12-8BB8-830FA11563E7}.Debug|Any CPU.Build.0 = Debug|Any CPU
		{FB85B05D-146C-4E12-8BB8-830FA11563E7}.Release|Any CPU.ActiveCfg = Release|Any CPU
		{FB85B05D-146C-4E12-8BB8-830FA11563E7}.Release|Any CPU.Build.0 = Release|Any CPU
		{10167D9E-028E-4AF9-A6AA-D195ED4BC029}.Debug|Any CPU.ActiveCfg = Debug|Any CPU
		{10167D9E-028E-4AF9-A6AA-D195ED4BC029}.Debug|Any CPU.Build.0 = Debug|Any CPU
		{10167D9E-028E-4AF9-A6AA-D195ED4BC029}.Release|Any CPU.ActiveCfg = Release|Any CPU
		{10167D9E-028E-4AF9-A6AA-D195ED4BC029}.Release|Any CPU.Build.0 = Release|Any CPU
		{FF225124-D121-45B1-B659-22F384480A93}.Debug|Any CPU.ActiveCfg = Debug|Any CPU
		{FF225124-D121-45B1-B659-22F384480A93}.Debug|Any CPU.Build.0 = Debug|Any CPU
		{FF225124-D121-45B1-B659-22F384480A93}.Release|Any CPU.ActiveCfg = Release|Any CPU
		{FF225124-D121-45B1-B659-22F384480A93}.Release|Any CPU.Build.0 = Release|Any CPU
		{C29D87FB-3AD5-4C68-AA94-C2214CADE661}.Debug|Any CPU.ActiveCfg = Debug|Any CPU
		{C29D87FB-3AD5-4C68-AA94-C2214CADE661}.Debug|Any CPU.Build.0 = Debug|Any CPU
		{C29D87FB-3AD5-4C68-AA94-C2214CADE661}.Release|Any CPU.ActiveCfg = Release|Any CPU
		{C29D87FB-3AD5-4C68-AA94-C2214CADE661}.Release|Any CPU.Build.0 = Release|Any CPU
	EndGlobalSection
	GlobalSection(SolutionProperties) = preSolution
		HideSolutionNode = FALSE
	EndGlobalSection
	GlobalSection(ExtensibilityGlobals) = postSolution
		SolutionGuid = {7E12F749-510E-43B3-8008-AF08DF0E21C4}
	EndGlobalSection
EndGlobal
